{
  "name": "pkgpizz",
  "lockfileVersion": 3,
  "requires": true,
  "packages": {
    "": {
      "dependencies": {
        "pizzip": "3.1.7"
      }
    },
    "node_modules/pako": {
      "version": "2.1.0",
      "resolved": "https://registry.npmjs.org/pako/-/pako-2.1.0.tgz",
      "integrity": "sha512-w+eufiZ1WuJYgPXbV/PO3NCMEc3xqylkKHzp8bxp1uW4qaSNQUkwmLLEc3kKsfz8lpV1F8Ht3U1Cm+9Srog2ug==",
      "license": "(MIT AND Zlib)"
    },
    "node_modules/pizzip": {
      "version": "3.1.7",
      "resolved": "https://registry.npmjs.org/pizzip/-/pizzip-3.1.7.tgz",
      "integrity": "sha512-VemVeAQtdIA74AN1Fsd5OmbMbEeS4YOwwlcudgzvmUrOIOPrk1idYC5Tw5FUFq/I0c26ziNOw9z//iPmGfp1jA==",
      "license": "(MIT OR GPL-3.0)",
      "dependencies": {
        "pako": "^2.1.0"
      }
    }
  }
}
